
Microsoft Visual Studio Solution File, Format Version 12.00
# Visual Studio Version 16
VisualStudioVersion = 16.0.30611.23
MinimumVisualStudioVersion = 10.0.40219.1
Project("{FAE04EC0-301F-11D3-BF4B-00C04F79EFBC}") = "inVision", "inVision\inVision.csproj", "{4258B0CC-5C9F-4205-BB5A-416C2DDC8859}"
EndProject
Global
	GlobalSection(SolutionConfigurationPlatforms) = preSolution
		Debug|Any CPU = Debug|Any CPU
		Release|Any CPU = Release|Any CPU
	EndGlobalSection
	GlobalSection(ProjectConfigurationPlatforms) = postSolution
		{4258B0CC-5C9F-4205-BB5A-416C2DDC8859}.Debug|Any CPU.ActiveCfg = Debug|Any CPU
		{4258B0CC-5C9F-4205-BB5A-416C2DDC8859}.Debug|Any CPU.Build.0 = Debug|Any CPU
		{4258B0CC-5C9F-4205-BB5A-416C2DDC8859}.Release|Any CPU.ActiveCfg = Release|Any CPU
		{4258B0CC-5C9F-4205-BB5A-416C2DDC8859}.Release|Any CPU.Build.0 = Release|Any CPU
	EndGlobalSection
	GlobalSection(SolutionProperties) = preSolution
		HideSolutionNode = FALSE
	EndGlobalSection
	GlobalSection(ExtensibilityGlobals) = postSolution
		SolutionGuid = {FAD156A8-F141-46B4-8DE2-51C82341E727}
	EndGlobalSection
EndGlobal
